
Microsoft Visual Studio Solution File, Format Version 12.00
# Visual Studio 14
VisualStudioVersion = 14.0.25123.0
MinimumVisualStudioVersion = 10.0.40219.1
Project("{FAE04EC0-301F-11D3-BF4B-00C04F79EFBC}") = "FormsGraphClient.Droid", "FormsGraphClient\FormsGraphClient.Droid\FormsGraphClient.Droid.csproj", "{BB13C63B-8EE9-4080-8005-5457A0C0FB54}"
EndProject
Project("{FAE04EC0-301F-11D3-BF4B-00C04F79EFBC}") = "FormsGraphClient.iOS", "FormsGraphClient\FormsGraphClient.iOS\FormsGraphClient.iOS.csproj", "{BF47C1E7-3255-4965-AEDC-4BAD05909F51}"
EndProject
Project("{FAE04EC0-301F-11D3-BF4B-00C04F79EFBC}") = "FormsGraphClient.UWP", "FormsGraphClient\FormsGraphClient.UWP\FormsGraphClient.UWP.csproj", "{08524350-A3B1-4E0C-AF19-2CD3302E084B}"
EndProject
Project("{FAE04EC0-301F-11D3-BF4B-00C04F79EFBC}") = "FormsGraphClient", "FormsGraphClient\FormsGraphClient\FormsGraphClient.csproj", "{2B5A2029-5802-4523-B0BD-4FF6528F769C}"
EndProject
Global
	GlobalSection(SolutionConfigurationPlatforms) = preSolution
		Ad-Hoc|Any CPU = Ad-Hoc|Any CPU
		Ad-Hoc|ARM = Ad-Hoc|ARM
		Ad-Hoc|iPhone = Ad-Hoc|iPhone
		Ad-Hoc|iPhoneSimulator = Ad-Hoc|iPhoneSimulator
		Ad-Hoc|x64 = Ad-Hoc|x64
		Ad-Hoc|x86 = Ad-Hoc|x86
		AppStore|Any CPU = AppStore|Any CPU
		AppStore|ARM = AppStore|ARM
		AppStore|iPhone = AppStore|iPhone
		AppStore|iPhoneSimulator = AppStore|iPhoneSimulator
		AppStore|x64 = AppStore|x64
		AppStore|x86 = AppStore|x86
		Debug|Any CPU = Debug|Any CPU
		Debug|ARM = Debug|ARM
		Debug|iPhone = Debug|iPhone
		Debug|iPhoneSimulator = Debug|iPhoneSimulator
		Debug|x64 = Debug|x64
		Debug|x86 = Debug|x86
		Release|Any CPU = Release|Any CPU
		Release|ARM = Release|ARM
		Release|iPhone = Release|iPhone
		Release|iPhoneSimulator = Release|iPhoneSimulator
		Release|x64 = Release|x64
		Release|x86 = Release|x86
	EndGlobalSection
	GlobalSection(ProjectConfigurationPlatforms) = postSolution
		{BB13C63B-8EE9-4080-8005-5457A0C0FB54}.Ad-Hoc|Any CPU.ActiveCfg = Release|Any CPU
		{BB13C63B-8EE9-4080-8005-5457A0C0FB54}.Ad-Hoc|Any CPU.Build.0 = Release|Any CPU
		{BB13C63B-8EE9-4080-8005-5457A0C0FB54}.Ad-Hoc|Any CPU.Deploy.0 = Release|Any CPU
		{BB13C63B-8EE9-4080-8005-5457A0C0FB54}.Ad-Hoc|ARM.ActiveCfg = Release|Any CPU
		{BB13C63B-8EE9-4080-8005-5457A0C0FB54}.Ad-Hoc|ARM.Build.0 = Release|Any CPU
		{BB13C63B-8EE9-4080-8005-5457A0C0FB54}.Ad-Hoc|ARM.Deploy.0 = Release|Any CPU
		{BB13C63B-8EE9-4080-8005-5457A0C0FB54}.Ad-Hoc|iPhone.ActiveCfg = Release|Any CPU
		{BB13C63B-8EE9-4080-8005-5457A0C0FB54}.Ad-Hoc|iPhone.Build.0 = Release|Any CPU
		{BB13C63B-8EE9-4080-8005-5457A0C0FB54}.Ad-Hoc|iPhone.Deploy.0 = Release|Any CPU
		{BB13C63B-8EE9-4080-8005-5457A0C0FB54}.Ad-Hoc|iPhoneSimulator.ActiveCfg = Release|Any CPU
		{BB13C63B-8EE9-4080-8005-5457A0C0FB54}.Ad-Hoc|iPhoneSimulator.Build.0 = Release|Any CPU
		{BB13C63B-8EE9-4080-8005-5457A0C0FB54}.Ad-Hoc|iPhoneSimulator.Deploy.0 = Release|Any CPU
		{BB13C63B-8EE9-4080-8005-5457A0C0FB54}.Ad-Hoc|x64.ActiveCfg = Release|Any CPU
		{BB13C63B-8EE9-4080-8005-5457A0C0FB54}.Ad-Hoc|x64.Build.0 = Release|Any CPU
		{BB13C63B-8EE9-4080-8005-5457A0C0FB54}.Ad-Hoc|x64.Deploy.0 = Release|Any CPU
		{BB13C63B-8EE9-4080-8005-5457A0C0FB54}.Ad-Hoc|x86.ActiveCfg = Release|Any CPU
		{BB13C63B-8EE9-4080-8005-5457A0C0FB54}.Ad-Hoc|x86.Build.0 = Release|Any CPU
		{BB13C63B-8EE9-4080-8005-5457A0C0FB54}.Ad-Hoc|x86.Deploy.0 = Release|Any CPU
		{BB13C63B-8EE9-4080-8005-5457A0C0FB54}.AppStore|Any CPU.ActiveCfg = Release|Any CPU
		{BB13C63B-8EE9-4080-8005-5457A0C0FB54}.AppStore|Any CPU.Build.0 = Release|Any CPU
		{BB13C63B-8EE9-4080-8005-5457A0C0FB54}.AppStore|Any CPU.Deploy.0 = Release|Any CPU
		{BB13C63B-8EE9-4080-8005-5457A0C0FB54}.AppStore|ARM.ActiveCfg = Release|Any CPU
		{BB13C63B-8EE9-4080-8005-5457A0C0FB54}.AppStore|ARM.Build.0 = Release|Any CPU
		{BB13C63B-8EE9-4080-8005-5457A0C0FB54}.AppStore|ARM.Deploy.0 = Release|Any CPU
		{BB13C63B-8EE9-4080-8005-5457A0C0FB54}.AppStore|iPhone.ActiveCfg = Release|Any CPU
		{BB13C63B-8EE9-4080-8005-5457A0C0FB54}.AppStore|iPhone.Build.0 = Release|Any CPU
		{BB13C63B-8EE9-4080-8005-5457A0C0FB54}.AppStore|iPhone.Deploy.0 = Release|Any CPU
		{BB13C63B-8EE9-4080-8005-5457A0C0FB54}.AppStore|iPhoneSimulator.ActiveCfg = Release|Any CPU
		{BB13C63B-8EE9-4080-8005-5457A0C0FB54}.AppStore|iPhoneSimulator.Build.0 = Release|Any CPU
		{BB13C63B-8EE9-4080-8005-5457A0C0FB54}.AppStore|iPhoneSimulator.Deploy.0 = Release|Any CPU
		{BB13C63B-8EE9-4080-8005-5457A0C0FB54}.AppStore|x64.ActiveCfg = Release|Any CPU
		{BB13C63B-8EE9-4080-8005-5457A0C0FB54}.AppStore|x64.Build.0 = Release|Any CPU
		{BB13C63B-8EE9-4080-8005-5457A0C0FB54}.AppStore|x64.Deploy.0 = Release|Any CPU
		{BB13C63B-8EE9-4080-8005-5457A0C0FB54}.AppStore|x86.ActiveCfg = Release|Any CPU
		{BB13C63B-8EE9-4080-8005-5457A0C0FB54}.AppStore|x86.Build.0 = Release|Any CPU
		{BB13C63B-8EE9-4080-8005-5457A0C0FB54}.AppStore|x86.Deploy.0 = Release|Any CPU
		{BB13C63B-8EE9-4080-8005-5457A0C0FB54}.Debug|Any CPU.ActiveCfg = Debug|Any CPU
		{BB13C63B-8EE9-4080-8005-5457A0C0FB54}.Debug|Any CPU.Build.0 = Debug|Any CPU
		{BB13C63B-8EE9-4080-8005-5457A0C0FB54}.Debug|Any CPU.Deploy.0 = Debug|Any CPU
		{BB13C63B-8EE9-4080-8005-5457A0C0FB54}.Debug|ARM.ActiveCfg = Debug|Any CPU
		{BB13C63B-8EE9-4080-8005-5457A0C0FB54}.Debug|ARM.Build.0 = Debug|Any CPU
		{BB13C63B-8EE9-4080-8005-5457A0C0FB54}.Debug|ARM.Deploy.0 = Debug|Any CPU
		{BB13C63B-8EE9-4080-8005-5457A0C0FB54}.Debug|iPhone.ActiveCfg = Debug|Any CPU
		{BB13C63B-8EE9-4080-8005-5457A0C0FB54}.Debug|iPhone.Build.0 = Debug|Any CPU
		{BB13C63B-8EE9-4080-8005-5457A0C0FB54}.Debug|iPhone.Deploy.0 = Debug|Any CPU
		{BB13C63B-8EE9-4080-8005-5457A0C0FB54}.Debug|iPhoneSimulator.ActiveCfg = Debug|Any CPU
		{BB13C63B-8EE9-4080-8005-5457A0C0FB54}.Debug|iPhoneSimulator.Build.0 = Debug|Any CPU
		{BB13C63B-8EE9-4080-8005-5457A0C0FB54}.Debug|iPhoneSimulator.Deploy.0 = Debug|Any CPU
		{BB13C63B-8EE9-4080-8005-5457A0C0FB54}.Debug|x64.ActiveCfg = Debug|Any CPU
		{BB13C63B-8EE9-4080-8005-5457A0C0FB54}.Debug|x64.Build.0 = Debug|Any CPU
		{BB13C63B-8EE9-4080-8005-5457A0C0FB54}.Debug|x64.Deploy.0 = Debug|Any CPU
		{BB13C63B-8EE9-4080-8005-5457A0C0FB54}.Debug|x86.ActiveCfg = Debug|Any CPU
		{BB13C63B-8EE9-4080-8005-5457A0C0FB54}.Debug|x86.Build.0 = Debug|Any CPU
		{BB13C63B-8EE9-4080-8005-5457A0C0FB54}.Debug|x86.Deploy.0 = Debug|Any CPU
		{BB13C63B-8EE9-4080-8005-5457A0C0FB54}.Release|Any CPU.ActiveCfg = Release|Any CPU
		{BB13C63B-8EE9-4080-8005-5457A0C0FB54}.Release|Any CPU.Build.0 = Release|Any CPU
		{BB13C63B-8EE9-4080-8005-5457A0C0FB54}.Release|Any CPU.Deploy.0 = Release|Any CPU
		{BB13C63B-8EE9-4080-8005-5457A0C0FB54}.Release|ARM.ActiveCfg = Release|Any CPU
		{BB13C63B-8EE9-4080-8005-5457A0C0FB54}.Release|ARM.Build.0 = Release|Any CPU
		{BB13C63B-8EE9-4080-8005-5457A0C0FB54}.Release|ARM.Deploy.0 = Release|Any CPU
		{BB13C63B-8EE9-4080-8005-5457A0C0FB54}.Release|iPhone.ActiveCfg = Release|Any CPU
		{BB13C63B-8EE9-4080-8005-5457A0C0FB54}.Release|iPhone.Build.0 = Release|Any CPU
		{BB13C63B-8EE9-4080-8005-5457A0C0FB54}.Release|iPhone.Deploy.0 = Release|Any CPU
		{BB13C63B-8EE9-4080-8005-5457A0C0FB54}.Release|iPhoneSimulator.ActiveCfg = Release|Any CPU
		{BB13C63B-8EE9-4080-8005-5457A0C0FB54}.Release|iPhoneSimulator.Build.0 = Release|Any CPU
		{BB13C63B-8EE9-4080-8005-5457A0C0FB54}.Release|iPhoneSimulator.Deploy.0 = Release|Any CPU
		{BB13C63B-8EE9-4080-8005-5457A0C0FB54}.Release|x64.ActiveCfg = Release|Any CPU
		{BB13C63B-8EE9-4080-8005-5457A0C0FB54}.Release|x64.Build.0 = Release|Any CPU
		{BB13C63B-8EE9-4080-8005-5457A0C0FB54}.Release|x64.Deploy.0 = Release|Any CPU
		{BB13C63B-8EE9-4080-8005-5457A0C0FB54}.Release|x86.ActiveCfg = Release|Any CPU
		{BB13C63B-8EE9-4080-8005-5457A0C0FB54}.Release|x86.Build.0 = Release|Any CPU
		{BB13C63B-8EE9-4080-8005-5457A0C0FB54}.Release|x86.Deploy.0 = Release|Any CPU
		{BF47C1E7-3255-4965-AEDC-4BAD05909F51}.Ad-Hoc|Any CPU.ActiveCfg = Ad-Hoc|iPhone
		{BF47C1E7-3255-4965-AEDC-4BAD05909F51}.Ad-Hoc|ARM.ActiveCfg = Ad-Hoc|iPhone
		{BF47C1E7-3255-4965-AEDC-4BAD05909F51}.Ad-Hoc|iPhone.ActiveCfg = Ad-Hoc|iPhone
		{BF47C1E7-3255-4965-AEDC-4BAD05909F51}.Ad-Hoc|iPhone.Build.0 = Ad-Hoc|iPhone
		{BF47C1E7-3255-4965-AEDC-4BAD05909F51}.Ad-Hoc|iPhoneSimulator.ActiveCfg = Ad-Hoc|iPhoneSimulator
		{BF47C1E7-3255-4965-AEDC-4BAD05909F51}.Ad-Hoc|iPhoneSimulator.Build.0 = Ad-Hoc|iPhoneSimulator
		{BF47C1E7-3255-4965-AEDC-4BAD05909F51}.Ad-Hoc|x64.ActiveCfg = Ad-Hoc|iPhone
		{BF47C1E7-3255-4965-AEDC-4BAD05909F51}.Ad-Hoc|x86.ActiveCfg = Ad-Hoc|iPhone
		{BF47C1E7-3255-4965-AEDC-4BAD05909F51}.AppStore|Any CPU.ActiveCfg = AppStore|iPhone
		{BF47C1E7-3255-4965-AEDC-4BAD05909F51}.AppStore|ARM.ActiveCfg = AppStore|iPhone
		{BF47C1E7-3255-4965-AEDC-4BAD05909F51}.AppStore|iPhone.ActiveCfg = AppStore|iPhone
		{BF47C1E7-3255-4965-AEDC-4BAD05909F51}.AppStore|iPhone.Build.0 = AppStore|iPhone
		{BF47C1E7-3255-4965-AEDC-4BAD05909F51}.AppStore|iPhoneSimulator.ActiveCfg = AppStore|iPhoneSimulator
		{BF47C1E7-3255-4965-AEDC-4BAD05909F51}.AppStore|iPhoneSimulator.Build.0 = AppStore|iPhoneSimulator
		{BF47C1E7-3255-4965-AEDC-4BAD05909F51}.AppStore|x64.ActiveCfg = AppStore|iPhone
		{BF47C1E7-3255-4965-AEDC-4BAD05909F51}.AppStore|x86.ActiveCfg = AppStore|iPhone
		{BF47C1E7-3255-4965-AEDC-4BAD05909F51}.Debug|Any CPU.ActiveCfg = Debug|iPhone
		{BF47C1E7-3255-4965-AEDC-4BAD05909F51}.Debug|ARM.ActiveCfg = Debug|iPhone
		{BF47C1E7-3255-4965-AEDC-4BAD05909F51}.Debug|iPhone.ActiveCfg = Debug|iPhone
		{BF47C1E7-3255-4965-AEDC-4BAD05909F51}.Debug|iPhone.Build.0 = Debug|iPhone
		{BF47C1E7-3255-4965-AEDC-4BAD05909F51}.Debug|iPhoneSimulator.ActiveCfg = Debug|iPhoneSimulator
		{BF47C1E7-3255-4965-AEDC-4BAD05909F51}.Debug|iPhoneSimulator.Build.0 = Debug|iPhoneSimulator
		{BF47C1E7-3255-4965-AEDC-4BAD05909F51}.Debug|x64.ActiveCfg = Debug|iPhone
		{BF47C1E7-3255-4965-AEDC-4BAD05909F51}.Debug|x86.ActiveCfg = Debug|iPhone
		{BF47C1E7-3255-4965-AEDC-4BAD05909F51}.Release|Any CPU.ActiveCfg = Release|iPhone
		{BF47C1E7-3255-4965-AEDC-4BAD05909F51}.Release|ARM.ActiveCfg = Release|iPhone
		{BF47C1E7-3255-4965-AEDC-4BAD05909F51}.Release|iPhone.ActiveCfg = Release|iPhone
		{BF47C1E7-3255-4965-AEDC-4BAD05909F51}.Release|iPhone.Build.0 = Release|iPhone
		{BF47C1E7-3255-4965-AEDC-4BAD05909F51}.Release|iPhoneSimulator.ActiveCfg = Release|iPhoneSimulator
		{BF47C1E7-3255-4965-AEDC-4BAD05909F51}.Release|iPhoneSimulator.Build.0 = Release|iPhoneSimulator
		{BF47C1E7-3255-4965-AEDC-4BAD05909F51}.Release|x64.ActiveCfg = Release|iPhone
		{BF47C1E7-3255-4965-AEDC-4BAD05909F51}.Release|x86.ActiveCfg = Release|iPhone
		{08524350-A3B1-4E0C-AF19-2CD3302E084B}.Ad-Hoc|Any CPU.ActiveCfg = Release|x86
		{08524350-A3B1-4E0C-AF19-2CD3302E084B}.Ad-Hoc|Any CPU.Build.0 = Release|x86
		{08524350-A3B1-4E0C-AF19-2CD3302E084B}.Ad-Hoc|Any CPU.Deploy.0 = Release|x86
		{08524350-A3B1-4E0C-AF19-2CD3302E084B}.Ad-Hoc|ARM.ActiveCfg = Release|ARM
		{08524350-A3B1-4E0C-AF19-2CD3302E084B}.Ad-Hoc|ARM.Build.0 = Release|ARM
		{08524350-A3B1-4E0C-AF19-2CD3302E084B}.Ad-Hoc|ARM.Deploy.0 = Release|ARM
		{08524350-A3B1-4E0C-AF19-2CD3302E084B}.Ad-Hoc|iPhone.ActiveCfg = Release|x86
		{08524350-A3B1-4E0C-AF19-2CD3302E084B}.Ad-Hoc|iPhone.Build.0 = Release|x86
		{08524350-A3B1-4E0C-AF19-2CD3302E084B}.Ad-Hoc|iPhone.Deploy.0 = Release|x86
		{08524350-A3B1-4E0C-AF19-2CD3302E084B}.Ad-Hoc|iPhoneSimulator.ActiveCfg = Release|x86
		{08524350-A3B1-4E0C-AF19-2CD3302E084B}.Ad-Hoc|iPhoneSimulator.Build.0 = Release|x86
		{08524350-A3B1-4E0C-AF19-2CD3302E084B}.Ad-Hoc|iPhoneSimulator.Deploy.0 = Release|x86
		{08524350-A3B1-4E0C-AF19-2CD3302E084B}.Ad-Hoc|x64.ActiveCfg = Release|x64
		{08524350-A3B1-4E0C-AF19-2CD3302E084B}.Ad-Hoc|x64.Build.0 = Release|x64
		{08524350-A3B1-4E0C-AF19-2CD3302E084B}.Ad-Hoc|x64.Deploy.0 = Release|x64
		{08524350-A3B1-4E0C-AF19-2CD3302E084B}.Ad-Hoc|x86.ActiveCfg = Release|x86
		{08524350-A3B1-4E0C-AF19-2CD3302E084B}.Ad-Hoc|x86.Build.0 = Release|x86
		{08524350-A3B1-4E0C-AF19-2CD3302E084B}.Ad-Hoc|x86.Deploy.0 = Release|x86
		{08524350-A3B1-4E0C-AF19-2CD3302E084B}.AppStore|Any CPU.ActiveCfg = Release|x86
		{08524350-A3B1-4E0C-AF19-2CD3302E084B}.AppStore|Any CPU.Build.0 = Release|x86
		{08524350-A3B1-4E0C-AF19-2CD3302E084B}.AppStore|Any CPU.Deploy.0 = Release|x86
		{08524350-A3B1-4E0C-AF19-2CD3302E084B}.AppStore|ARM.ActiveCfg = Release|ARM
		{08524350-A3B1-4E0C-AF19-2CD3302E084B}.AppStore|ARM.Build.0 = Release|ARM
		{08524350-A3B1-4E0C-AF19-2CD3302E084B}.AppStore|ARM.Deploy.0 = Release|ARM
		{08524350-A3B1-4E0C-AF19-2CD3302E084B}.AppStore|iPhone.ActiveCfg = Release|x86
		{08524350-A3B1-4E0C-AF19-2CD3302E084B}.AppStore|iPhone.Build.0 = Release|x86
		{08524350-A3B1-4E0C-AF19-2CD3302E084B}.AppStore|iPhone.Deploy.0 = Release|x86
		{08524350-A3B1-4E0C-AF19-2CD3302E084B}.AppStore|iPhoneSimulator.ActiveCfg = Release|x86
		{08524350-A3B1-4E0C-AF19-2CD3302E084B}.AppStore|iPhoneSimulator.Build.0 = Release|x86
		{08524350-A3B1-4E0C-AF19-2CD3302E084B}.AppStore|iPhoneSimulator.Deploy.0 = Release|x86
		{08524350-A3B1-4E0C-AF19-2CD3302E084B}.AppStore|x64.ActiveCfg = Release|x64
		{08524350-A3B1-4E0C-AF19-2CD3302E084B}.AppStore|x64.Build.0 = Release|x64
		{08524350-A3B1-4E0C-AF19-2CD3302E084B}.AppStore|x64.Deploy.0 = Release|x64
		{08524350-A3B1-4E0C-AF19-2CD3302E084B}.AppStore|x86.ActiveCfg = Release|x86
		{08524350-A3B1-4E0C-AF19-2CD3302E084B}.AppStore|x86.Build.0 = Release|x86
		{08524350-A3B1-4E0C-AF19-2CD3302E084B}.AppStore|x86.Deploy.0 = Release|x86
		{08524350-A3B1-4E0C-AF19-2CD3302E084B}.Debug|Any CPU.ActiveCfg = Debug|x86
		{08524350-A3B1-4E0C-AF19-2CD3302E084B}.Debug|Any CPU.Build.0 = Debug|x86
		{08524350-A3B1-4E0C-AF19-2CD3302E084B}.Debug|Any CPU.Deploy.0 = Debug|x86
		{08524350-A3B1-4E0C-AF19-2CD3302E084B}.Debug|ARM.ActiveCfg = Debug|ARM
		{08524350-A3B1-4E0C-AF19-2CD3302E084B}.Debug|ARM.Build.0 = Debug|ARM
		{08524350-A3B1-4E0C-AF19-2CD3302E084B}.Debug|ARM.Deploy.0 = Debug|ARM
		{08524350-A3B1-4E0C-AF19-2CD3302E084B}.Debug|iPhone.ActiveCfg = Debug|x86
		{08524350-A3B1-4E0C-AF19-2CD3302E084B}.Debug|iPhoneSimulator.ActiveCfg = Debug|x86
		{08524350-A3B1-4E0C-AF19-2CD3302E084B}.Debug|iPhoneSimulator.Build.0 = Debug|x86
		{08524350-A3B1-4E0C-AF19-2CD3302E084B}.Debug|x64.ActiveCfg = Debug|x64
		{08524350-A3B1-4E0C-AF19-2CD3302E084B}.Debug|x64.Build.0 = Debug|x64
		{08524350-A3B1-4E0C-AF19-2CD3302E084B}.Debug|x64.Deploy.0 = Debug|x64
		{08524350-A3B1-4E0C-AF19-2CD3302E084B}.Debug|x86.ActiveCfg = Debug|x86
		{08524350-A3B1-4E0C-AF19-2CD3302E084B}.Debug|x86.Build.0 = Debug|x86
		{08524350-A3B1-4E0C-AF19-2CD3302E084B}.Debug|x86.Deploy.0 = Debug|x86
		{08524350-A3B1-4E0C-AF19-2CD3302E084B}.Release|Any CPU.ActiveCfg = Release|x86
		{08524350-A3B1-4E0C-AF19-2CD3302E084B}.Release|ARM.ActiveCfg = Release|ARM
		{08524350-A3B1-4E0C-AF19-2CD3302E084B}.Release|ARM.Build.0 = Release|ARM
		{08524350-A3B1-4E0C-AF19-2CD3302E084B}.Release|ARM.Deploy.0 = Release|ARM
		{08524350-A3B1-4E0C-AF19-2CD3302E084B}.Release|iPhone.ActiveCfg = Release|x86
		{08524350-A3B1-4E0C-AF19-2CD3302E084B}.Release|iPhoneSimulator.ActiveCfg = Release|x86
		{08524350-A3B1-4E0C-AF19-2CD3302E084B}.Release|x64.ActiveCfg = Release|x64
		{08524350-A3B1-4E0C-AF19-2CD3302E084B}.Release|x64.Build.0 = Release|x64
		{08524350-A3B1-4E0C-AF19-2CD3302E084B}.Release|x64.Deploy.0 = Release|x64
		{08524350-A3B1-4E0C-AF19-2CD3302E084B}.Release|x86.ActiveCfg = Release|x86
		{08524350-A3B1-4E0C-AF19-2CD3302E084B}.Release|x86.Build.0 = Release|x86
		{08524350-A3B1-4E0C-AF19-2CD3302E084B}.Release|x86.Deploy.0 = Release|x86
		{2B5A2029-5802-4523-B0BD-4FF6528F769C}.Ad-Hoc|Any CPU.ActiveCfg = Release|Any CPU
		{2B5A2029-5802-4523-B0BD-4FF6528F769C}.Ad-Hoc|Any CPU.Build.0 = Release|Any CPU
		{2B5A2029-5802-4523-B0BD-4FF6528F769C}.Ad-Hoc|ARM.ActiveCfg = Release|Any CPU
		{2B5A2029-5802-4523-B0BD-4FF6528F769C}.Ad-Hoc|ARM.Build.0 = Release|Any CPU
		{2B5A2029-5802-4523-B0BD-4FF6528F769C}.Ad-Hoc|iPhone.ActiveCfg = Release|Any CPU
		{2B5A2029-5802-4523-B0BD-4FF6528F769C}.Ad-Hoc|iPhone.Build.0 = Release|Any CPU
		{2B5A2029-5802-4523-B0BD-4FF6528F769C}.Ad-Hoc|iPhoneSimulator.ActiveCfg = Release|Any CPU
		{2B5A2029-5802-4523-B0BD-4FF6528F769C}.Ad-Hoc|iPhoneSimulator.Build.0 = Release|Any CPU
		{2B5A2029-5802-4523-B0BD-4FF6528F769C}.Ad-Hoc|x64.ActiveCfg = Release|Any CPU
		{2B5A2029-5802-4523-B0BD-4FF6528F769C}.Ad-Hoc|x64.Build.0 = Release|Any CPU
		{2B5A2029-5802-4523-B0BD-4FF6528F769C}.Ad-Hoc|x86.ActiveCfg = Release|Any CPU
		{2B5A2029-5802-4523-B0BD-4FF6528F769C}.Ad-Hoc|x86.Build.0 = Release|Any CPU
		{2B5A2029-5802-4523-B0BD-4FF6528F769C}.AppStore|Any CPU.ActiveCfg = Release|Any CPU
		{2B5A2029-5802-4523-B0BD-4FF6528F769C}.AppStore|Any CPU.Build.0 = Release|Any CPU
		{2B5A2029-5802-4523-B0BD-4FF6528F769C}.AppStore|ARM.ActiveCfg = Release|Any CPU
		{2B5A2029-5802-4523-B0BD-4FF6528F769C}.AppStore|ARM.Build.0 = Release|Any CPU
		{2B5A2029-5802-4523-B0BD-4FF6528F769C}.AppStore|iPhone.ActiveCfg = Release|Any CPU
		{2B5A2029-5802-4523-B0BD-4FF6528F769C}.AppStore|iPhone.Build.0 = Release|Any CPU
		{2B5A2029-5802-4523-B0BD-4FF6528F769C}.AppStore|iPhoneSimulator.ActiveCfg = Release|Any CPU
		{2B5A2029-5802-4523-B0BD-4FF6528F769C}.AppStore|iPhoneSimulator.Build.0 = Release|Any CPU
		{2B5A2029-5802-4523-B0BD-4FF6528F769C}.AppStore|x64.ActiveCfg = Release|Any CPU
		{2B5A2029-5802-4523-B0BD-4FF6528F769C}.AppStore|x64.Build.0 = Release|Any CPU
		{2B5A2029-5802-4523-B0BD-4FF6528F769C}.AppStore|x86.ActiveCfg = Release|Any CPU
		{2B5A2029-5802-4523-B0BD-4FF6528F769C}.AppStore|x86.Build.0 = Release|Any CPU
		{2B5A2029-5802-4523-B0BD-4FF6528F769C}.Debug|Any CPU.ActiveCfg = Debug|Any CPU
		{2B5A2029-5802-4523-B0BD-4FF6528F769C}.Debug|Any CPU.Build.0 = Debug|Any CPU
		{2B5A2029-5802-4523-B0BD-4FF6528F769C}.Debug|ARM.ActiveCfg = Debug|Any CPU
		{2B5A2029-5802-4523-B0BD-4FF6528F769C}.Debug|ARM.Build.0 = Debug|Any CPU
		{2B5A2029-5802-4523-B0BD-4FF6528F769C}.Debug|iPhone.ActiveCfg = Debug|Any CPU
		{2B5A2029-5802-4523-B0BD-4FF6528F769C}.Debug|iPhone.Build.0 = Debug|Any CPU
		{2B5A2029-5802-4523-B0BD-4FF6528F769C}.Debug|iPhoneSimulator.ActiveCfg = Debug|Any CPU
		{2B5A2029-5802-4523-B0BD-4FF6528F769C}.Debug|iPhoneSimulator.Build.0 = Debug|Any CPU
		{2B5A2029-5802-4523-B0BD-4FF6528F769C}.Debug|x64.ActiveCfg = Debug|Any CPU
		{2B5A2029-5802-4523-B0BD-4FF6528F769C}.Debug|x64.Build.0 = Debug|Any CPU
		{2B5A2029-5802-4523-B0BD-4FF6528F769C}.Debug|x86.ActiveCfg = Debug|Any CPU
		{2B5A2029-5802-4523-B0BD-4FF6528F769C}.Debug|x86.Build.0 = Debug|Any CPU
		{2B5A2029-5802-4523-B0BD-4FF6528F769C}.Release|Any CPU.ActiveCfg = Release|Any CPU
		{2B5A2029-5802-4523-B0BD-4FF6528F769C}.Release|Any CPU.Build.0 = Release|Any CPU
		{2B5A2029-5802-4523-B0BD-4FF6528F769C}.Release|ARM.ActiveCfg = Release|Any CPU
		{2B5A2029-5802-4523-B0BD-4FF6528F769C}.Release|ARM.Build.0 = Release|Any CPU
		{2B5A2029-5802-4523-B0BD-4FF6528F769C}.Release|iPhone.ActiveCfg = Release|Any CPU
		{2B5A2029-5802-4523-B0BD-4FF6528F769C}.Release|iPhone.Build.0 = Release|Any CPU
		{2B5A2029-5802-4523-B0BD-4FF6528F769C}.Release|iPhoneSimulator.ActiveCfg = Release|Any CPU
		{2B5A2029-5802-4523-B0BD-4FF6528F769C}.Release|iPhoneSimulator.Build.0 = Release|Any CPU
		{2B5A2029-5802-4523-B0BD-4FF6528F769C}.Release|x64.ActiveCfg = Release|Any CPU
		{2B5A2029-5802-4523-B0BD-4FF6528F769C}.Release|x64.Build.0 = Release|Any CPU
		{2B5A2029-5802-4523-B0BD-4FF6528F769C}.Release|x86.ActiveCfg = Release|Any CPU
		{2B5A2029-5802-4523-B0BD-4FF6528F769C}.Release|x86.Build.0 = Release|Any CPU
	EndGlobalSection
	GlobalSection(SolutionProperties) = preSolution
		HideSolutionNode = FALSE
	EndGlobalSection
EndGlobal
